
Microsoft Visual Studio Solution File, Format Version 12.00
# Visual Studio Version 17
VisualStudioVersion = 17.6.33829.357
MinimumVisualStudioVersion = 10.0.40219.1
Project("{9A19103F-16F7-4668-BE54-9A1E7A4F7556}") = "spotifyloader", "spotifyloader.csproj", "{50ECFB53-A648-4DC4-A990-BFF08619CBA2}"
EndProject
Project("{00D1A9C2-B5F0-4AF3-8072-F6C62B433612}") = "spotify_data_db", "..\spotify_data_db\spotify_data_db.sqlproj", "{81697A1D-C9C3-4E48-A60E-A426F89BD6B0}"
EndProject
Global
	GlobalSection(SolutionConfigurationPlatforms) = preSolution
		Debug|Any CPU = Debug|Any CPU
		Release|Any CPU = Release|Any CPU
	EndGlobalSection
	GlobalSection(ProjectConfigurationPlatforms) = postSolution
		{50ECFB53-A648-4DC4-A990-BFF08619CBA2}.Debug|Any CPU.ActiveCfg = Debug|Any CPU
		{50ECFB53-A648-4DC4-A990-BFF08619CBA2}.Debug|Any CPU.Build.0 = Debug|Any CPU
		{50ECFB53-A648-4DC4-A990-BFF08619CBA2}.Release|Any CPU.ActiveCfg = Release|Any CPU
		{50ECFB53-A648-4DC4-A990-BFF08619CBA2}.Release|Any CPU.Build.0 = Release|Any CPU
		{81697A1D-C9C3-4E48-A60E-A426F89BD6B0}.Debug|Any CPU.ActiveCfg = Debug|Any CPU
		{81697A1D-C9C3-4E48-A60E-A426F89BD6B0}.Debug|Any CPU.Build.0 = Debug|Any CPU
		{81697A1D-C9C3-4E48-A60E-A426F89BD6B0}.Debug|Any CPU.Deploy.0 = Debug|Any CPU
		{81697A1D-C9C3-4E48-A60E-A426F89BD6B0}.Release|Any CPU.ActiveCfg = Release|Any CPU
		{81697A1D-C9C3-4E48-A60E-A426F89BD6B0}.Release|Any CPU.Build.0 = Release|Any CPU
		{81697A1D-C9C3-4E48-A60E-A426F89BD6B0}.Release|Any CPU.Deploy.0 = Release|Any CPU
	EndGlobalSection
	GlobalSection(SolutionProperties) = preSolution
		HideSolutionNode = FALSE
	EndGlobalSection
	GlobalSection(ExtensibilityGlobals) = postSolution
		SolutionGuid = {2904A94E-E261-45E6-AE55-D8F9237F7302}
	EndGlobalSection
EndGlobal
